
Microsoft Visual Studio Solution File, Format Version 12.00
# Visual Studio Version 17
VisualStudioVersion = 17.3.32825.248
MinimumVisualStudioVersion = 10.0.40219.1
Project("{FAE04EC0-301F-11D3-BF4B-00C04F79EFBC}") = "ISpan.EStore", "ISpan.EStore\ISpan.EStore.csproj", "{557FEA1E-0647-4783-B778-2D90517BAE23}"
EndProject
Project("{FAE04EC0-301F-11D3-BF4B-00C04F79EFBC}") = "WindowsFormsApp1", "WindowsFormsApp1\WindowsFormsApp1.csproj", "{5BA72637-7454-40B8-8998-9E56706185C4}"
EndProject
Global
	GlobalSection(SolutionConfigurationPlatforms) = preSolution
		Debug|Any CPU = Debug|Any CPU
		Release|Any CPU = Release|Any CPU
	EndGlobalSection
	GlobalSection(ProjectConfigurationPlatforms) = postSolution
		{557FEA1E-0647-4783-B778-2D90517BAE23}.Debug|Any CPU.ActiveCfg = Debug|Any CPU
		{557FEA1E-0647-4783-B778-2D90517BAE23}.Debug|Any CPU.Build.0 = Debug|Any CPU
		{557FEA1E-0647-4783-B778-2D90517BAE23}.Release|Any CPU.ActiveCfg = Release|Any CPU
		{557FEA1E-0647-4783-B778-2D90517BAE23}.Release|Any CPU.Build.0 = Release|Any CPU
		{5BA72637-7454-40B8-8998-9E56706185C4}.Debug|Any CPU.ActiveCfg = Debug|Any CPU
		{5BA72637-7454-40B8-8998-9E56706185C4}.Debug|Any CPU.Build.0 = Debug|Any CPU
		{5BA72637-7454-40B8-8998-9E56706185C4}.Release|Any CPU.ActiveCfg = Release|Any CPU
		{5BA72637-7454-40B8-8998-9E56706185C4}.Release|Any CPU.Build.0 = Release|Any CPU
	EndGlobalSection
	GlobalSection(SolutionProperties) = preSolution
		HideSolutionNode = FALSE
	EndGlobalSection
	GlobalSection(ExtensibilityGlobals) = postSolution
		SolutionGuid = {774FAFEA-B3A6-4971-B147-1404124A2CAF}
	EndGlobalSection
EndGlobal
