
Microsoft Visual Studio Solution File, Format Version 12.00
# Visual Studio Version 17
VisualStudioVersion = 17.3.32825.248
MinimumVisualStudioVersion = 10.0.40219.1
Project("{FAE04EC0-301F-11D3-BF4B-00C04F79EFBC}") = "10_", "10_\10_.csproj", "{6719AF3F-23D0-4935-8286-D319F07BEAFE}"
EndProject
Project("{FAE04EC0-301F-11D3-BF4B-00C04F79EFBC}") = "練習2", "練習2\練習2.csproj", "{2EAF86B3-AA23-4F29-AEBD-E07D4BF0D99A}"
EndProject
Project("{FAE04EC0-301F-11D3-BF4B-00C04F79EFBC}") = "ConsoleApp1", "ConsoleApp1\ConsoleApp1.csproj", "{68ACEDF5-3E27-4501-845A-8FB38716442B}"
EndProject
Project("{FAE04EC0-301F-11D3-BF4B-00C04F79EFBC}") = "utility", "utility\utility.csproj", "{16626B82-9F74-476F-8918-9800055536A9}"
EndProject
Project("{FAE04EC0-301F-11D3-BF4B-00C04F79EFBC}") = "filee", "filee\filee.csproj", "{89EDF677-51BA-4299-8908-87BACE19B3B1}"
EndProject
Project("{FAE04EC0-301F-11D3-BF4B-00C04F79EFBC}") = "99", "99\99.csproj", "{91E9A21A-BA9F-41BB-B0FA-036B2D3ED7AE}"
EndProject
Project("{FAE04EC0-301F-11D3-BF4B-00C04F79EFBC}") = "1107", "1107\1107.csproj", "{026D0960-3C24-44F4-969C-3594232282DE}"
EndProject
Project("{FAE04EC0-301F-11D3-BF4B-00C04F79EFBC}") = "ssss", "ssss\ssss.csproj", "{5C9A58A4-6DED-4493-AD6D-D82E79C30093}"
EndProject
Project("{FAE04EC0-301F-11D3-BF4B-00C04F79EFBC}") = "for", "for\for.csproj", "{335BB6DE-76E0-4DEF-8D44-A4C8210DEF3A}"
EndProject
Project("{FAE04EC0-301F-11D3-BF4B-00C04F79EFBC}") = "while", "while\while.csproj", "{5D65532E-70F7-46E8-84B3-18AFF8689BFC}"
EndProject
Project("{FAE04EC0-301F-11D3-BF4B-00C04F79EFBC}") = "do while", "do while\do while.csproj", "{A791B046-B6A9-4385-AD03-C9493651F134}"
EndProject
Project("{FAE04EC0-301F-11D3-BF4B-00C04F79EFBC}") = "switch", "switch\switch.csproj", "{C2A3D2A4-F31B-4BD1-8B6A-76D6630ACE44}"
EndProject
Project("{FAE04EC0-301F-11D3-BF4B-00C04F79EFBC}") = "三元運算柿子", "三元運算柿子\三元運算柿子.csproj", "{5DD74415-ED3A-4F82-AED2-C52E4D31AD70}"
EndProject
Project("{FAE04EC0-301F-11D3-BF4B-00C04F79EFBC}") = "不藥用了", "不藥用了\不藥用了.csproj", "{2C11D125-9892-4CD2-8976-87BEC81A2724}"
EndProject
Project("{FAE04EC0-301F-11D3-BF4B-00C04F79EFBC}") = "LIST", "LIST\LIST.csproj", "{E24F280D-1E69-4D22-BB8F-0841406AF6D1}"
EndProject
Project("{FAE04EC0-301F-11D3-BF4B-00C04F79EFBC}") = "ConsoleApp2", "ConsoleApp2\ConsoleApp2.csproj", "{FB873857-3E1E-4CD4-B834-12C18527C04D}"
EndProject
Project("{FAE04EC0-301F-11D3-BF4B-00C04F79EFBC}") = "HASH", "HASH\HASH.csproj", "{A9EDD625-87D9-4824-A02F-E9F4F2AF29DB}"
EndProject
Project("{FAE04EC0-301F-11D3-BF4B-00C04F79EFBC}") = "dictionary", "dictionary\dictionary.csproj", "{EE7F4008-8B36-4DB4-8CFE-C546D9999479}"
EndProject
Project("{FAE04EC0-301F-11D3-BF4B-00C04F79EFBC}") = "dictionary2", "dictionary2\dictionary2.csproj", "{B95E7150-D82E-49EB-AA3F-1A6E06A85E81}"
EndProject
Project("{FAE04EC0-301F-11D3-BF4B-00C04F79EFBC}") = "null", "null\null.csproj", "{06F94C2E-F3AB-4057-AB20-6212524F23AB}"
EndProject
Global
	GlobalSection(SolutionConfigurationPlatforms) = preSolution
		Debug|Any CPU = Debug|Any CPU
		Release|Any CPU = Release|Any CPU
	EndGlobalSection
	GlobalSection(ProjectConfigurationPlatforms) = postSolution
		{6719AF3F-23D0-4935-8286-D319F07BEAFE}.Debug|Any CPU.ActiveCfg = Debug|Any CPU
		{6719AF3F-23D0-4935-8286-D319F07BEAFE}.Debug|Any CPU.Build.0 = Debug|Any CPU
		{6719AF3F-23D0-4935-8286-D319F07BEAFE}.Release|Any CPU.ActiveCfg = Release|Any CPU
		{6719AF3F-23D0-4935-8286-D319F07BEAFE}.Release|Any CPU.Build.0 = Release|Any CPU
		{2EAF86B3-AA23-4F29-AEBD-E07D4BF0D99A}.Debug|Any CPU.ActiveCfg = Debug|Any CPU
		{2EAF86B3-AA23-4F29-AEBD-E07D4BF0D99A}.Debug|Any CPU.Build.0 = Debug|Any CPU
		{2EAF86B3-AA23-4F29-AEBD-E07D4BF0D99A}.Release|Any CPU.ActiveCfg = Release|Any CPU
		{2EAF86B3-AA23-4F29-AEBD-E07D4BF0D99A}.Release|Any CPU.Build.0 = Release|Any CPU
		{68ACEDF5-3E27-4501-845A-8FB38716442B}.Debug|Any CPU.ActiveCfg = Debug|Any CPU
		{68ACEDF5-3E27-4501-845A-8FB38716442B}.Debug|Any CPU.Build.0 = Debug|Any CPU
		{68ACEDF5-3E27-4501-845A-8FB38716442B}.Release|Any CPU.ActiveCfg = Release|Any CPU
		{68ACEDF5-3E27-4501-845A-8FB38716442B}.Release|Any CPU.Build.0 = Release|Any CPU
		{16626B82-9F74-476F-8918-9800055536A9}.Debug|Any CPU.ActiveCfg = Debug|Any CPU
		{16626B82-9F74-476F-8918-9800055536A9}.Debug|Any CPU.Build.0 = Debug|Any CPU
		{16626B82-9F74-476F-8918-9800055536A9}.Release|Any CPU.ActiveCfg = Release|Any CPU
		{16626B82-9F74-476F-8918-9800055536A9}.Release|Any CPU.Build.0 = Release|Any CPU
		{89EDF677-51BA-4299-8908-87BACE19B3B1}.Debug|Any CPU.ActiveCfg = Debug|Any CPU
		{89EDF677-51BA-4299-8908-87BACE19B3B1}.Debug|Any CPU.Build.0 = Debug|Any CPU
		{89EDF677-51BA-4299-8908-87BACE19B3B1}.Release|Any CPU.ActiveCfg = Release|Any CPU
		{89EDF677-51BA-4299-8908-87BACE19B3B1}.Release|Any CPU.Build.0 = Release|Any CPU
		{91E9A21A-BA9F-41BB-B0FA-036B2D3ED7AE}.Debug|Any CPU.ActiveCfg = Debug|Any CPU
		{91E9A21A-BA9F-41BB-B0FA-036B2D3ED7AE}.Debug|Any CPU.Build.0 = Debug|Any CPU
		{91E9A21A-BA9F-41BB-B0FA-036B2D3ED7AE}.Release|Any CPU.ActiveCfg = Release|Any CPU
		{91E9A21A-BA9F-41BB-B0FA-036B2D3ED7AE}.Release|Any CPU.Build.0 = Release|Any CPU
		{026D0960-3C24-44F4-969C-3594232282DE}.Debug|Any CPU.ActiveCfg = Debug|Any CPU
		{026D0960-3C24-44F4-969C-3594232282DE}.Debug|Any CPU.Build.0 = Debug|Any CPU
		{026D0960-3C24-44F4-969C-3594232282DE}.Release|Any CPU.ActiveCfg = Release|Any CPU
		{026D0960-3C24-44F4-969C-3594232282DE}.Release|Any CPU.Build.0 = Release|Any CPU
		{5C9A58A4-6DED-4493-AD6D-D82E79C30093}.Debug|Any CPU.ActiveCfg = Debug|Any CPU
		{5C9A58A4-6DED-4493-AD6D-D82E79C30093}.Debug|Any CPU.Build.0 = Debug|Any CPU
		{5C9A58A4-6DED-4493-AD6D-D82E79C30093}.Release|Any CPU.ActiveCfg = Release|Any CPU
		{5C9A58A4-6DED-4493-AD6D-D82E79C30093}.Release|Any CPU.Build.0 = Release|Any CPU
		{335BB6DE-76E0-4DEF-8D44-A4C8210DEF3A}.Debug|Any CPU.ActiveCfg = Debug|Any CPU
		{335BB6DE-76E0-4DEF-8D44-A4C8210DEF3A}.Debug|Any CPU.Build.0 = Debug|Any CPU
		{335BB6DE-76E0-4DEF-8D44-A4C8210DEF3A}.Release|Any CPU.ActiveCfg = Release|Any CPU
		{335BB6DE-76E0-4DEF-8D44-A4C8210DEF3A}.Release|Any CPU.Build.0 = Release|Any CPU
		{5D65532E-70F7-46E8-84B3-18AFF8689BFC}.Debug|Any CPU.ActiveCfg = Debug|Any CPU
		{5D65532E-70F7-46E8-84B3-18AFF8689BFC}.Debug|Any CPU.Build.0 = Debug|Any CPU
		{5D65532E-70F7-46E8-84B3-18AFF8689BFC}.Release|Any CPU.ActiveCfg = Release|Any CPU
		{5D65532E-70F7-46E8-84B3-18AFF8689BFC}.Release|Any CPU.Build.0 = Release|Any CPU
		{A791B046-B6A9-4385-AD03-C9493651F134}.Debug|Any CPU.ActiveCfg = Debug|Any CPU
		{A791B046-B6A9-4385-AD03-C9493651F134}.Debug|Any CPU.Build.0 = Debug|Any CPU
		{A791B046-B6A9-4385-AD03-C9493651F134}.Release|Any CPU.ActiveCfg = Release|Any CPU
		{A791B046-B6A9-4385-AD03-C9493651F134}.Release|Any CPU.Build.0 = Release|Any CPU
		{C2A3D2A4-F31B-4BD1-8B6A-76D6630ACE44}.Debug|Any CPU.ActiveCfg = Debug|Any CPU
		{C2A3D2A4-F31B-4BD1-8B6A-76D6630ACE44}.Debug|Any CPU.Build.0 = Debug|Any CPU
		{C2A3D2A4-F31B-4BD1-8B6A-76D6630ACE44}.Release|Any CPU.ActiveCfg = Release|Any CPU
		{C2A3D2A4-F31B-4BD1-8B6A-76D6630ACE44}.Release|Any CPU.Build.0 = Release|Any CPU
		{5DD74415-ED3A-4F82-AED2-C52E4D31AD70}.Debug|Any CPU.ActiveCfg = Debug|Any CPU
		{5DD74415-ED3A-4F82-AED2-C52E4D31AD70}.Debug|Any CPU.Build.0 = Debug|Any CPU
		{5DD74415-ED3A-4F82-AED2-C52E4D31AD70}.Release|Any CPU.ActiveCfg = Release|Any CPU
		{5DD74415-ED3A-4F82-AED2-C52E4D31AD70}.Release|Any CPU.Build.0 = Release|Any CPU
		{2C11D125-9892-4CD2-8976-87BEC81A2724}.Debug|Any CPU.ActiveCfg = Debug|Any CPU
		{2C11D125-9892-4CD2-8976-87BEC81A2724}.Debug|Any CPU.Build.0 = Debug|Any CPU
		{2C11D125-9892-4CD2-8976-87BEC81A2724}.Release|Any CPU.ActiveCfg = Release|Any CPU
		{2C11D125-9892-4CD2-8976-87BEC81A2724}.Release|Any CPU.Build.0 = Release|Any CPU
		{E24F280D-1E69-4D22-BB8F-0841406AF6D1}.Debug|Any CPU.ActiveCfg = Debug|Any CPU
		{E24F280D-1E69-4D22-BB8F-0841406AF6D1}.Debug|Any CPU.Build.0 = Debug|Any CPU
		{E24F280D-1E69-4D22-BB8F-0841406AF6D1}.Release|Any CPU.ActiveCfg = Release|Any CPU
		{E24F280D-1E69-4D22-BB8F-0841406AF6D1}.Release|Any CPU.Build.0 = Release|Any CPU
		{FB873857-3E1E-4CD4-B834-12C18527C04D}.Debug|Any CPU.ActiveCfg = Debug|Any CPU
		{FB873857-3E1E-4CD4-B834-12C18527C04D}.Debug|Any CPU.Build.0 = Debug|Any CPU
		{FB873857-3E1E-4CD4-B834-12C18527C04D}.Release|Any CPU.ActiveCfg = Release|Any CPU
		{FB873857-3E1E-4CD4-B834-12C18527C04D}.Release|Any CPU.Build.0 = Release|Any CPU
		{A9EDD625-87D9-4824-A02F-E9F4F2AF29DB}.Debug|Any CPU.ActiveCfg = Debug|Any CPU
		{A9EDD625-87D9-4824-A02F-E9F4F2AF29DB}.Debug|Any CPU.Build.0 = Debug|Any CPU
		{A9EDD625-87D9-4824-A02F-E9F4F2AF29DB}.Release|Any CPU.ActiveCfg = Release|Any CPU
		{A9EDD625-87D9-4824-A02F-E9F4F2AF29DB}.Release|Any CPU.Build.0 = Release|Any CPU
		{EE7F4008-8B36-4DB4-8CFE-C546D9999479}.Debug|Any CPU.ActiveCfg = Debug|Any CPU
		{EE7F4008-8B36-4DB4-8CFE-C546D9999479}.Debug|Any CPU.Build.0 = Debug|Any CPU
		{EE7F4008-8B36-4DB4-8CFE-C546D9999479}.Release|Any CPU.ActiveCfg = Release|Any CPU
		{EE7F4008-8B36-4DB4-8CFE-C546D9999479}.Release|Any CPU.Build.0 = Release|Any CPU
		{B95E7150-D82E-49EB-AA3F-1A6E06A85E81}.Debug|Any CPU.ActiveCfg = Debug|Any CPU
		{B95E7150-D82E-49EB-AA3F-1A6E06A85E81}.Debug|Any CPU.Build.0 = Debug|Any CPU
		{B95E7150-D82E-49EB-AA3F-1A6E06A85E81}.Release|Any CPU.ActiveCfg = Release|Any CPU
		{B95E7150-D82E-49EB-AA3F-1A6E06A85E81}.Release|Any CPU.Build.0 = Release|Any CPU
		{06F94C2E-F3AB-4057-AB20-6212524F23AB}.Debug|Any CPU.ActiveCfg = Debug|Any CPU
		{06F94C2E-F3AB-4057-AB20-6212524F23AB}.Debug|Any CPU.Build.0 = Debug|Any CPU
		{06F94C2E-F3AB-4057-AB20-6212524F23AB}.Release|Any CPU.ActiveCfg = Release|Any CPU
		{06F94C2E-F3AB-4057-AB20-6212524F23AB}.Release|Any CPU.Build.0 = Release|Any CPU
	EndGlobalSection
	GlobalSection(SolutionProperties) = preSolution
		HideSolutionNode = FALSE
	EndGlobalSection
	GlobalSection(ExtensibilityGlobals) = postSolution
		SolutionGuid = {090A1347-5CC0-4801-958E-A4B66D732A36}
	EndGlobalSection
EndGlobal
