
Microsoft Visual Studio Solution File, Format Version 12.00
# Visual Studio Version 17
VisualStudioVersion = 17.3.32825.248
MinimumVisualStudioVersion = 10.0.40219.1
Project("{FAE04EC0-301F-11D3-BF4B-00C04F79EFBC}") = "ConsoleApp1", "ConsoleApp1\ConsoleApp1.csproj", "{228B78F8-C3AA-4F5C-965D-D56FD0EBA99A}"
EndProject
Project("{FAE04EC0-301F-11D3-BF4B-00C04F79EFBC}") = "ConsoleApp2", "ConsoleApp2\ConsoleApp2.csproj", "{FEC19DF7-D621-4686-AF96-EED464ACA607}"
EndProject
Project("{2150E333-8FDC-42A3-9474-1A3956D46DE8}") = "demo", "demo", "{A890316E-CB57-4689-B6C9-406D4D91C736}"
EndProject
Project("{2150E333-8FDC-42A3-9474-1A3956D46DE8}") = "testing02", "testing02", "{28A25BB0-1C71-4A9B-948C-A9E5D8E8B9C9}"
EndProject
Global
	GlobalSection(SolutionConfigurationPlatforms) = preSolution
		Debug|Any CPU = Debug|Any CPU
		Release|Any CPU = Release|Any CPU
	EndGlobalSection
	GlobalSection(ProjectConfigurationPlatforms) = postSolution
		{228B78F8-C3AA-4F5C-965D-D56FD0EBA99A}.Debug|Any CPU.ActiveCfg = Debug|Any CPU
		{228B78F8-C3AA-4F5C-965D-D56FD0EBA99A}.Debug|Any CPU.Build.0 = Debug|Any CPU
		{228B78F8-C3AA-4F5C-965D-D56FD0EBA99A}.Release|Any CPU.ActiveCfg = Release|Any CPU
		{228B78F8-C3AA-4F5C-965D-D56FD0EBA99A}.Release|Any CPU.Build.0 = Release|Any CPU
		{FEC19DF7-D621-4686-AF96-EED464ACA607}.Debug|Any CPU.ActiveCfg = Debug|Any CPU
		{FEC19DF7-D621-4686-AF96-EED464ACA607}.Debug|Any CPU.Build.0 = Debug|Any CPU
		{FEC19DF7-D621-4686-AF96-EED464ACA607}.Release|Any CPU.ActiveCfg = Release|Any CPU
		{FEC19DF7-D621-4686-AF96-EED464ACA607}.Release|Any CPU.Build.0 = Release|Any CPU
	EndGlobalSection
	GlobalSection(SolutionProperties) = preSolution
		HideSolutionNode = FALSE
	EndGlobalSection
	GlobalSection(NestedProjects) = preSolution
		{228B78F8-C3AA-4F5C-965D-D56FD0EBA99A} = {A890316E-CB57-4689-B6C9-406D4D91C736}
		{FEC19DF7-D621-4686-AF96-EED464ACA607} = {28A25BB0-1C71-4A9B-948C-A9E5D8E8B9C9}
	EndGlobalSection
	GlobalSection(ExtensibilityGlobals) = postSolution
		SolutionGuid = {A80EB57F-E86E-4425-AA54-20E8EBCEF706}
	EndGlobalSection
EndGlobal
