
Microsoft Visual Studio Solution File, Format Version 12.00
# Visual Studio Version 17
VisualStudioVersion = 17.3.32825.248
MinimumVisualStudioVersion = 10.0.40219.1
Project("{FAE04EC0-301F-11D3-BF4B-00C04F79EFBC}") = "ConsoleApp1", "ConsoleApp1\ConsoleApp1.csproj", "{97260C40-5F96-40F7-8DD1-70187F091C6B}"
EndProject
Project("{FAE04EC0-301F-11D3-BF4B-00C04F79EFBC}") = "ConsoleApp2", "ConsoleApp2\ConsoleApp2.csproj", "{470C2453-01C6-4832-B547-9490E7C6CB6B}"
EndProject
Project("{FAE04EC0-301F-11D3-BF4B-00C04F79EFBC}") = "ConsoleApp3", "ConsoleApp3\ConsoleApp3.csproj", "{F81854AF-925F-4CE6-9E4B-7F84FB2C6BFA}"
EndProject
Global
	GlobalSection(SolutionConfigurationPlatforms) = preSolution
		Debug|Any CPU = Debug|Any CPU
		Release|Any CPU = Release|Any CPU
	EndGlobalSection
	GlobalSection(ProjectConfigurationPlatforms) = postSolution
		{97260C40-5F96-40F7-8DD1-70187F091C6B}.Debug|Any CPU.ActiveCfg = Debug|Any CPU
		{97260C40-5F96-40F7-8DD1-70187F091C6B}.Debug|Any CPU.Build.0 = Debug|Any CPU
		{97260C40-5F96-40F7-8DD1-70187F091C6B}.Release|Any CPU.ActiveCfg = Release|Any CPU
		{97260C40-5F96-40F7-8DD1-70187F091C6B}.Release|Any CPU.Build.0 = Release|Any CPU
		{470C2453-01C6-4832-B547-9490E7C6CB6B}.Debug|Any CPU.ActiveCfg = Debug|Any CPU
		{470C2453-01C6-4832-B547-9490E7C6CB6B}.Debug|Any CPU.Build.0 = Debug|Any CPU
		{470C2453-01C6-4832-B547-9490E7C6CB6B}.Release|Any CPU.ActiveCfg = Release|Any CPU
		{470C2453-01C6-4832-B547-9490E7C6CB6B}.Release|Any CPU.Build.0 = Release|Any CPU
		{F81854AF-925F-4CE6-9E4B-7F84FB2C6BFA}.Debug|Any CPU.ActiveCfg = Debug|Any CPU
		{F81854AF-925F-4CE6-9E4B-7F84FB2C6BFA}.Debug|Any CPU.Build.0 = Debug|Any CPU
		{F81854AF-925F-4CE6-9E4B-7F84FB2C6BFA}.Release|Any CPU.ActiveCfg = Release|Any CPU
		{F81854AF-925F-4CE6-9E4B-7F84FB2C6BFA}.Release|Any CPU.Build.0 = Release|Any CPU
	EndGlobalSection
	GlobalSection(SolutionProperties) = preSolution
		HideSolutionNode = FALSE
	EndGlobalSection
	GlobalSection(ExtensibilityGlobals) = postSolution
		SolutionGuid = {14A0C0F2-9ADA-411F-8628-5668F708AB62}
	EndGlobalSection
EndGlobal
